# This file is automatically @generated by Cargo.
# It is not intended for manual editing.
version = 4

[[package]]
name = "anyhow"
version = "1.0.100"
source = "registry+https://github.com/rust-lang/crates.io-index"
checksum = "a23eb6b1614318a8071c9b2521f36b424b2c83db5eb3a0fead4a6c0809af6e61"

[[package]]
name = "ayanami"
version = "0.1.0"
dependencies = [
 "anyhow",
 "owo-colors",
]

[[package]]
name = "owo-colors"
version = "4.2.3"
source = "registry+https://github.com/rust-lang/crates.io-index"
checksum = "9c6901729fa79e91a0913333229e9ca5dc725089d1c363b2f4b4760709dc4a52"
